
Microsoft Visual Studio Solution File, Format Version 12.00
# Visual Studio Version 17
VisualStudioVersion = 17.5.002.0
MinimumVisualStudioVersion = 10.0.40219.1
Project("{9A19103F-16F7-4668-BE54-9A1E7A4F7556}") = "Katchau Back", "Katchau Back.csproj", "{4BBCA72A-1A3A-47F1-BF9F-144DBAA0E054}"
EndProject
Global
	GlobalSection(SolutionConfigurationPlatforms) = preSolution
		Debug|Any CPU = Debug|Any CPU
		Release|Any CPU = Release|Any CPU
	EndGlobalSection
	GlobalSection(ProjectConfigurationPlatforms) = postSolution
		{4BBCA72A-1A3A-47F1-BF9F-144DBAA0E054}.Debug|Any CPU.ActiveCfg = Debug|Any CPU
		{4BBCA72A-1A3A-47F1-BF9F-144DBAA0E054}.Debug|Any CPU.Build.0 = Debug|Any CPU
		{4BBCA72A-1A3A-47F1-BF9F-144DBAA0E054}.Release|Any CPU.ActiveCfg = Release|Any CPU
		{4BBCA72A-1A3A-47F1-BF9F-144DBAA0E054}.Release|Any CPU.Build.0 = Release|Any CPU
	EndGlobalSection
	GlobalSection(SolutionProperties) = preSolution
		HideSolutionNode = FALSE
	EndGlobalSection
	GlobalSection(ExtensibilityGlobals) = postSolution
		SolutionGuid = {9F295E3B-41B0-47EA-AE7E-4F9B59F27917}
	EndGlobalSection
EndGlobal
